
Microsoft Visual Studio Solution File, Format Version 12.00
# Visual Studio Version 17
VisualStudioVersion = 17.7.34031.279
MinimumVisualStudioVersion = 10.0.40219.1
Project("{9A19103F-16F7-4668-BE54-9A1E7A4F7556}") = "SmartEssayChecker.Api", "SmartEssayChecker.Api\SmartEssayChecker.Api.csproj", "{D8B5C60D-4132-4103-BB1C-C44E7D70A931}"
EndProject
Project("{FAE04EC0-301F-11D3-BF4B-00C04F79EFBC}") = "SmartEssayChecker.Api.Tests.Unit", "SmartEssayChecker.Api.Tests.Unit\SmartEssayChecker.Api.Tests.Unit.csproj", "{27DF9455-DF00-4AB5-B41B-3A12E4DA5E31}"
EndProject
Global
	GlobalSection(SolutionConfigurationPlatforms) = preSolution
		Debug|Any CPU = Debug|Any CPU
		Release|Any CPU = Release|Any CPU
	EndGlobalSection
	GlobalSection(ProjectConfigurationPlatforms) = postSolution
		{D8B5C60D-4132-4103-BB1C-C44E7D70A931}.Debug|Any CPU.ActiveCfg = Debug|Any CPU
		{D8B5C60D-4132-4103-BB1C-C44E7D70A931}.Debug|Any CPU.Build.0 = Debug|Any CPU
		{D8B5C60D-4132-4103-BB1C-C44E7D70A931}.Release|Any CPU.ActiveCfg = Release|Any CPU
		{D8B5C60D-4132-4103-BB1C-C44E7D70A931}.Release|Any CPU.Build.0 = Release|Any CPU
		{27DF9455-DF00-4AB5-B41B-3A12E4DA5E31}.Debug|Any CPU.ActiveCfg = Debug|Any CPU
		{27DF9455-DF00-4AB5-B41B-3A12E4DA5E31}.Debug|Any CPU.Build.0 = Debug|Any CPU
		{27DF9455-DF00-4AB5-B41B-3A12E4DA5E31}.Release|Any CPU.ActiveCfg = Release|Any CPU
		{27DF9455-DF00-4AB5-B41B-3A12E4DA5E31}.Release|Any CPU.Build.0 = Release|Any CPU
	EndGlobalSection
	GlobalSection(SolutionProperties) = preSolution
		HideSolutionNode = FALSE
	EndGlobalSection
	GlobalSection(ExtensibilityGlobals) = postSolution
		SolutionGuid = {D90D4701-4F55-477A-A65A-0DF5F5F95BB7}
	EndGlobalSection
EndGlobal
